
Microsoft Visual Studio Solution File, Format Version 12.00
# Visual Studio Version 17
VisualStudioVersion = 17.3.32825.248
MinimumVisualStudioVersion = 10.0.40219.1
Project("{9A19103F-16F7-4668-BE54-9A1E7A4F7556}") = "WinHosts Manager", "WinHosts Manager\WinHosts Manager.csproj", "{B518A3A9-646B-48E8-82AE-0BDB2BDEB29E}"
EndProject
Global
	GlobalSection(SolutionConfigurationPlatforms) = preSolution
		Debug|x86 = Debug|x86
		Release|x86 = Release|x86
	EndGlobalSection
	GlobalSection(ProjectConfigurationPlatforms) = postSolution
		{B518A3A9-646B-48E8-82AE-0BDB2BDEB29E}.Debug|x86.ActiveCfg = Debug|Any CPU
		{B518A3A9-646B-48E8-82AE-0BDB2BDEB29E}.Debug|x86.Build.0 = Debug|Any CPU
		{B518A3A9-646B-48E8-82AE-0BDB2BDEB29E}.Release|x86.ActiveCfg = Release|Any CPU
		{B518A3A9-646B-48E8-82AE-0BDB2BDEB29E}.Release|x86.Build.0 = Release|Any CPU
	EndGlobalSection
	GlobalSection(SolutionProperties) = preSolution
		HideSolutionNode = FALSE
	EndGlobalSection
	GlobalSection(ExtensibilityGlobals) = postSolution
		SolutionGuid = {00E8CFD4-BA73-4C77-8D6F-754B5C4434E5}
	EndGlobalSection
EndGlobal
